
Microsoft Visual Studio Solution File, Format Version 12.00
# Visual Studio 15
VisualStudioVersion = 15.0.27703.2035
MinimumVisualStudioVersion = 10.0.40219.1
Project("{FAE04EC0-301F-11D3-BF4B-00C04F79EFBC}") = "XamarinConfig.Android", "XamarinConfig\XamarinConfig.Android\XamarinConfig.Android.csproj", "{1A48C979-C853-4A34-8164-F966E9B0C276}"
EndProject
Project("{FAE04EC0-301F-11D3-BF4B-00C04F79EFBC}") = "XamarinConfig.iOS", "XamarinConfig\XamarinConfig.iOS\XamarinConfig.iOS.csproj", "{7AAF8D95-9942-4049-96C6-EF73C5BF174A}"
EndProject
Project("{FAE04EC0-301F-11D3-BF4B-00C04F79EFBC}") = "XamarinConfig.UWP", "XamarinConfig\XamarinConfig.UWP\XamarinConfig.UWP.csproj", "{DEAEBEBF-258F-4053-8E66-47E56FD56D57}"
EndProject
Project("{FAE04EC0-301F-11D3-BF4B-00C04F79EFBC}") = "XamarinConfig", "XamarinConfig\XamarinConfig\XamarinConfig.csproj", "{617E596A-E87E-4342-8DFA-522F3157BE35}"
EndProject
Global
	GlobalSection(SolutionConfigurationPlatforms) = preSolution
		Ad-Hoc|Any CPU = Ad-Hoc|Any CPU
		Ad-Hoc|ARM = Ad-Hoc|ARM
		Ad-Hoc|iPhone = Ad-Hoc|iPhone
		Ad-Hoc|iPhoneSimulator = Ad-Hoc|iPhoneSimulator
		Ad-Hoc|x64 = Ad-Hoc|x64
		Ad-Hoc|x86 = Ad-Hoc|x86
		AppStore|Any CPU = AppStore|Any CPU
		AppStore|ARM = AppStore|ARM
		AppStore|iPhone = AppStore|iPhone
		AppStore|iPhoneSimulator = AppStore|iPhoneSimulator
		AppStore|x64 = AppStore|x64
		AppStore|x86 = AppStore|x86
		Debug|Any CPU = Debug|Any CPU
		Debug|ARM = Debug|ARM
		Debug|iPhone = Debug|iPhone
		Debug|iPhoneSimulator = Debug|iPhoneSimulator
		Debug|x64 = Debug|x64
		Debug|x86 = Debug|x86
		Release|Any CPU = Release|Any CPU
		Release|ARM = Release|ARM
		Release|iPhone = Release|iPhone
		Release|iPhoneSimulator = Release|iPhoneSimulator
		Release|x64 = Release|x64
		Release|x86 = Release|x86
	EndGlobalSection
	GlobalSection(ProjectConfigurationPlatforms) = postSolution
		{1A48C979-C853-4A34-8164-F966E9B0C276}.Ad-Hoc|Any CPU.ActiveCfg = Release|Any CPU
		{1A48C979-C853-4A34-8164-F966E9B0C276}.Ad-Hoc|Any CPU.Build.0 = Release|Any CPU
		{1A48C979-C853-4A34-8164-F966E9B0C276}.Ad-Hoc|Any CPU.Deploy.0 = Release|Any CPU
		{1A48C979-C853-4A34-8164-F966E9B0C276}.Ad-Hoc|ARM.ActiveCfg = Release|Any CPU
		{1A48C979-C853-4A34-8164-F966E9B0C276}.Ad-Hoc|ARM.Build.0 = Release|Any CPU
		{1A48C979-C853-4A34-8164-F966E9B0C276}.Ad-Hoc|ARM.Deploy.0 = Release|Any CPU
		{1A48C979-C853-4A34-8164-F966E9B0C276}.Ad-Hoc|iPhone.ActiveCfg = Release|Any CPU
		{1A48C979-C853-4A34-8164-F966E9B0C276}.Ad-Hoc|iPhone.Build.0 = Release|Any CPU
		{1A48C979-C853-4A34-8164-F966E9B0C276}.Ad-Hoc|iPhone.Deploy.0 = Release|Any CPU
		{1A48C979-C853-4A34-8164-F966E9B0C276}.Ad-Hoc|iPhoneSimulator.ActiveCfg = Release|Any CPU
		{1A48C979-C853-4A34-8164-F966E9B0C276}.Ad-Hoc|iPhoneSimulator.Build.0 = Release|Any CPU
		{1A48C979-C853-4A34-8164-F966E9B0C276}.Ad-Hoc|iPhoneSimulator.Deploy.0 = Release|Any CPU
		{1A48C979-C853-4A34-8164-F966E9B0C276}.Ad-Hoc|x64.ActiveCfg = Release|Any CPU
		{1A48C979-C853-4A34-8164-F966E9B0C276}.Ad-Hoc|x64.Build.0 = Release|Any CPU
		{1A48C979-C853-4A34-8164-F966E9B0C276}.Ad-Hoc|x64.Deploy.0 = Release|Any CPU
		{1A48C979-C853-4A34-8164-F966E9B0C276}.Ad-Hoc|x86.ActiveCfg = Release|Any CPU
		{1A48C979-C853-4A34-8164-F966E9B0C276}.Ad-Hoc|x86.Build.0 = Release|Any CPU
		{1A48C979-C853-4A34-8164-F966E9B0C276}.Ad-Hoc|x86.Deploy.0 = Release|Any CPU
		{1A48C979-C853-4A34-8164-F966E9B0C276}.AppStore|Any CPU.ActiveCfg = Release|Any CPU
		{1A48C979-C853-4A34-8164-F966E9B0C276}.AppStore|Any CPU.Build.0 = Release|Any CPU
		{1A48C979-C853-4A34-8164-F966E9B0C276}.AppStore|Any CPU.Deploy.0 = Release|Any CPU
		{1A48C979-C853-4A34-8164-F966E9B0C276}.AppStore|ARM.ActiveCfg = Release|Any CPU
		{1A48C979-C853-4A34-8164-F966E9B0C276}.AppStore|ARM.Build.0 = Release|Any CPU
		{1A48C979-C853-4A34-8164-F966E9B0C276}.AppStore|ARM.Deploy.0 = Release|Any CPU
		{1A48C979-C853-4A34-8164-F966E9B0C276}.AppStore|iPhone.ActiveCfg = Release|Any CPU
		{1A48C979-C853-4A34-8164-F966E9B0C276}.AppStore|iPhone.Build.0 = Release|Any CPU
		{1A48C979-C853-4A34-8164-F966E9B0C276}.AppStore|iPhone.Deploy.0 = Release|Any CPU
		{1A48C979-C853-4A34-8164-F966E9B0C276}.AppStore|iPhoneSimulator.ActiveCfg = Release|Any CPU
		{1A48C979-C853-4A34-8164-F966E9B0C276}.AppStore|iPhoneSimulator.Build.0 = Release|Any CPU
		{1A48C979-C853-4A34-8164-F966E9B0C276}.AppStore|iPhoneSimulator.Deploy.0 = Release|Any CPU
		{1A48C979-C853-4A34-8164-F966E9B0C276}.AppStore|x64.ActiveCfg = Release|Any CPU
		{1A48C979-C853-4A34-8164-F966E9B0C276}.AppStore|x64.Build.0 = Release|Any CPU
		{1A48C979-C853-4A34-8164-F966E9B0C276}.AppStore|x64.Deploy.0 = Release|Any CPU
		{1A48C979-C853-4A34-8164-F966E9B0C276}.AppStore|x86.ActiveCfg = Release|Any CPU
		{1A48C979-C853-4A34-8164-F966E9B0C276}.AppStore|x86.Build.0 = Release|Any CPU
		{1A48C979-C853-4A34-8164-F966E9B0C276}.AppStore|x86.Deploy.0 = Release|Any CPU
		{1A48C979-C853-4A34-8164-F966E9B0C276}.Debug|Any CPU.ActiveCfg = Debug|Any CPU
		{1A48C979-C853-4A34-8164-F966E9B0C276}.Debug|Any CPU.Build.0 = Debug|Any CPU
		{1A48C979-C853-4A34-8164-F966E9B0C276}.Debug|Any CPU.Deploy.0 = Debug|Any CPU
		{1A48C979-C853-4A34-8164-F966E9B0C276}.Debug|ARM.ActiveCfg = Debug|Any CPU
		{1A48C979-C853-4A34-8164-F966E9B0C276}.Debug|ARM.Build.0 = Debug|Any CPU
		{1A48C979-C853-4A34-8164-F966E9B0C276}.Debug|ARM.Deploy.0 = Debug|Any CPU
		{1A48C979-C853-4A34-8164-F966E9B0C276}.Debug|iPhone.ActiveCfg = Debug|Any CPU
		{1A48C979-C853-4A34-8164-F966E9B0C276}.Debug|iPhone.Build.0 = Debug|Any CPU
		{1A48C979-C853-4A34-8164-F966E9B0C276}.Debug|iPhone.Deploy.0 = Debug|Any CPU
		{1A48C979-C853-4A34-8164-F966E9B0C276}.Debug|iPhoneSimulator.ActiveCfg = Debug|Any CPU
		{1A48C979-C853-4A34-8164-F966E9B0C276}.Debug|iPhoneSimulator.Build.0 = Debug|Any CPU
		{1A48C979-C853-4A34-8164-F966E9B0C276}.Debug|iPhoneSimulator.Deploy.0 = Debug|Any CPU
		{1A48C979-C853-4A34-8164-F966E9B0C276}.Debug|x64.ActiveCfg = Debug|Any CPU
		{1A48C979-C853-4A34-8164-F966E9B0C276}.Debug|x64.Build.0 = Debug|Any CPU
		{1A48C979-C853-4A34-8164-F966E9B0C276}.Debug|x64.Deploy.0 = Debug|Any CPU
		{1A48C979-C853-4A34-8164-F966E9B0C276}.Debug|x86.ActiveCfg = Debug|Any CPU
		{1A48C979-C853-4A34-8164-F966E9B0C276}.Debug|x86.Build.0 = Debug|Any CPU
		{1A48C979-C853-4A34-8164-F966E9B0C276}.Debug|x86.Deploy.0 = Debug|Any CPU
		{1A48C979-C853-4A34-8164-F966E9B0C276}.Release|Any CPU.ActiveCfg = Release|Any CPU
		{1A48C979-C853-4A34-8164-F966E9B0C276}.Release|Any CPU.Build.0 = Release|Any CPU
		{1A48C979-C853-4A34-8164-F966E9B0C276}.Release|Any CPU.Deploy.0 = Release|Any CPU
		{1A48C979-C853-4A34-8164-F966E9B0C276}.Release|ARM.ActiveCfg = Release|Any CPU
		{1A48C979-C853-4A34-8164-F966E9B0C276}.Release|ARM.Build.0 = Release|Any CPU
		{1A48C979-C853-4A34-8164-F966E9B0C276}.Release|ARM.Deploy.0 = Release|Any CPU
		{1A48C979-C853-4A34-8164-F966E9B0C276}.Release|iPhone.ActiveCfg = Release|Any CPU
		{1A48C979-C853-4A34-8164-F966E9B0C276}.Release|iPhone.Build.0 = Release|Any CPU
		{1A48C979-C853-4A34-8164-F966E9B0C276}.Release|iPhone.Deploy.0 = Release|Any CPU
		{1A48C979-C853-4A34-8164-F966E9B0C276}.Release|iPhoneSimulator.ActiveCfg = Release|Any CPU
		{1A48C979-C853-4A34-8164-F966E9B0C276}.Release|iPhoneSimulator.Build.0 = Release|Any CPU
		{1A48C979-C853-4A34-8164-F966E9B0C276}.Release|iPhoneSimulator.Deploy.0 = Release|Any CPU
		{1A48C979-C853-4A34-8164-F966E9B0C276}.Release|x64.ActiveCfg = Release|Any CPU
		{1A48C979-C853-4A34-8164-F966E9B0C276}.Release|x64.Build.0 = Release|Any CPU
		{1A48C979-C853-4A34-8164-F966E9B0C276}.Release|x64.Deploy.0 = Release|Any CPU
		{1A48C979-C853-4A34-8164-F966E9B0C276}.Release|x86.ActiveCfg = Release|Any CPU
		{1A48C979-C853-4A34-8164-F966E9B0C276}.Release|x86.Build.0 = Release|Any CPU
		{1A48C979-C853-4A34-8164-F966E9B0C276}.Release|x86.Deploy.0 = Release|Any CPU
		{7AAF8D95-9942-4049-96C6-EF73C5BF174A}.Ad-Hoc|Any CPU.ActiveCfg = Ad-Hoc|iPhone
		{7AAF8D95-9942-4049-96C6-EF73C5BF174A}.Ad-Hoc|Any CPU.Build.0 = Ad-Hoc|iPhone
		{7AAF8D95-9942-4049-96C6-EF73C5BF174A}.Ad-Hoc|Any CPU.Deploy.0 = Ad-Hoc|iPhone
		{7AAF8D95-9942-4049-96C6-EF73C5BF174A}.Ad-Hoc|ARM.ActiveCfg = Ad-Hoc|iPhone
		{7AAF8D95-9942-4049-96C6-EF73C5BF174A}.Ad-Hoc|ARM.Build.0 = Ad-Hoc|iPhone
		{7AAF8D95-9942-4049-96C6-EF73C5BF174A}.Ad-Hoc|ARM.Deploy.0 = Ad-Hoc|iPhone
		{7AAF8D95-9942-4049-96C6-EF73C5BF174A}.Ad-Hoc|iPhone.ActiveCfg = Ad-Hoc|iPhone
		{7AAF8D95-9942-4049-96C6-EF73C5BF174A}.Ad-Hoc|iPhone.Build.0 = Ad-Hoc|iPhone
		{7AAF8D95-9942-4049-96C6-EF73C5BF174A}.Ad-Hoc|iPhone.Deploy.0 = Ad-Hoc|iPhone
		{7AAF8D95-9942-4049-96C6-EF73C5BF174A}.Ad-Hoc|iPhoneSimulator.ActiveCfg = Ad-Hoc|iPhoneSimulator
		{7AAF8D95-9942-4049-96C6-EF73C5BF174A}.Ad-Hoc|iPhoneSimulator.Build.0 = Ad-Hoc|iPhoneSimulator
		{7AAF8D95-9942-4049-96C6-EF73C5BF174A}.Ad-Hoc|iPhoneSimulator.Deploy.0 = Ad-Hoc|iPhoneSimulator
		{7AAF8D95-9942-4049-96C6-EF73C5BF174A}.Ad-Hoc|x64.ActiveCfg = Ad-Hoc|iPhone
		{7AAF8D95-9942-4049-96C6-EF73C5BF174A}.Ad-Hoc|x64.Build.0 = Ad-Hoc|iPhone
		{7AAF8D95-9942-4049-96C6-EF73C5BF174A}.Ad-Hoc|x64.Deploy.0 = Ad-Hoc|iPhone
		{7AAF8D95-9942-4049-96C6-EF73C5BF174A}.Ad-Hoc|x86.ActiveCfg = Ad-Hoc|iPhone
		{7AAF8D95-9942-4049-96C6-EF73C5BF174A}.Ad-Hoc|x86.Build.0 = Ad-Hoc|iPhone
		{7AAF8D95-9942-4049-96C6-EF73C5BF174A}.Ad-Hoc|x86.Deploy.0 = Ad-Hoc|iPhone
		{7AAF8D95-9942-4049-96C6-EF73C5BF174A}.AppStore|Any CPU.ActiveCfg = AppStore|iPhone
		{7AAF8D95-9942-4049-96C6-EF73C5BF174A}.AppStore|Any CPU.Build.0 = AppStore|iPhone
		{7AAF8D95-9942-4049-96C6-EF73C5BF174A}.AppStore|Any CPU.Deploy.0 = AppStore|iPhone
		{7AAF8D95-9942-4049-96C6-EF73C5BF174A}.AppStore|ARM.ActiveCfg = AppStore|iPhone
		{7AAF8D95-9942-4049-96C6-EF73C5BF174A}.AppStore|ARM.Build.0 = AppStore|iPhone
		{7AAF8D95-9942-4049-96C6-EF73C5BF174A}.AppStore|ARM.Deploy.0 = AppStore|iPhone
		{7AAF8D95-9942-4049-96C6-EF73C5BF174A}.AppStore|iPhone.ActiveCfg = AppStore|iPhone
		{7AAF8D95-9942-4049-96C6-EF73C5BF174A}.AppStore|iPhone.Build.0 = AppStore|iPhone
		{7AAF8D95-9942-4049-96C6-EF73C5BF174A}.AppStore|iPhone.Deploy.0 = AppStore|iPhone
		{7AAF8D95-9942-4049-96C6-EF73C5BF174A}.AppStore|iPhoneSimulator.ActiveCfg = AppStore|iPhoneSimulator
		{7AAF8D95-9942-4049-96C6-EF73C5BF174A}.AppStore|iPhoneSimulator.Build.0 = AppStore|iPhoneSimulator
		{7AAF8D95-9942-4049-96C6-EF73C5BF174A}.AppStore|iPhoneSimulator.Deploy.0 = AppStore|iPhoneSimulator
		{7AAF8D95-9942-4049-96C6-EF73C5BF174A}.AppStore|x64.ActiveCfg = AppStore|iPhone
		{7AAF8D95-9942-4049-96C6-EF73C5BF174A}.AppStore|x64.Build.0 = AppStore|iPhone
		{7AAF8D95-9942-4049-96C6-EF73C5BF174A}.AppStore|x64.Deploy.0 = AppStore|iPhone
		{7AAF8D95-9942-4049-96C6-EF73C5BF174A}.AppStore|x86.ActiveCfg = AppStore|iPhone
		{7AAF8D95-9942-4049-96C6-EF73C5BF174A}.AppStore|x86.Build.0 = AppStore|iPhone
		{7AAF8D95-9942-4049-96C6-EF73C5BF174A}.AppStore|x86.Deploy.0 = AppStore|iPhone
		{7AAF8D95-9942-4049-96C6-EF73C5BF174A}.Debug|Any CPU.ActiveCfg = Debug|iPhoneSimulator
		{7AAF8D95-9942-4049-96C6-EF73C5BF174A}.Debug|Any CPU.Build.0 = Debug|iPhoneSimulator
		{7AAF8D95-9942-4049-96C6-EF73C5BF174A}.Debug|Any CPU.Deploy.0 = Debug|iPhoneSimulator
		{7AAF8D95-9942-4049-96C6-EF73C5BF174A}.Debug|ARM.ActiveCfg = Debug|iPhone
		{7AAF8D95-9942-4049-96C6-EF73C5BF174A}.Debug|ARM.Build.0 = Debug|iPhone
		{7AAF8D95-9942-4049-96C6-EF73C5BF174A}.Debug|ARM.Deploy.0 = Debug|iPhone
		{7AAF8D95-9942-4049-96C6-EF73C5BF174A}.Debug|iPhone.ActiveCfg = Debug|iPhone
		{7AAF8D95-9942-4049-96C6-EF73C5BF174A}.Debug|iPhone.Build.0 = Debug|iPhone
		{7AAF8D95-9942-4049-96C6-EF73C5BF174A}.Debug|iPhone.Deploy.0 = Debug|iPhone
		{7AAF8D95-9942-4049-96C6-EF73C5BF174A}.Debug|iPhoneSimulator.ActiveCfg = Debug|iPhoneSimulator
		{7AAF8D95-9942-4049-96C6-EF73C5BF174A}.Debug|iPhoneSimulator.Build.0 = Debug|iPhoneSimulator
		{7AAF8D95-9942-4049-96C6-EF73C5BF174A}.Debug|iPhoneSimulator.Deploy.0 = Debug|iPhoneSimulator
		{7AAF8D95-9942-4049-96C6-EF73C5BF174A}.Debug|x64.ActiveCfg = Debug|iPhone
		{7AAF8D95-9942-4049-96C6-EF73C5BF174A}.Debug|x64.Build.0 = Debug|iPhone
		{7AAF8D95-9942-4049-96C6-EF73C5BF174A}.Debug|x64.Deploy.0 = Debug|iPhone
		{7AAF8D95-9942-4049-96C6-EF73C5BF174A}.Debug|x86.ActiveCfg = Debug|iPhone
		{7AAF8D95-9942-4049-96C6-EF73C5BF174A}.Debug|x86.Build.0 = Debug|iPhone
		{7AAF8D95-9942-4049-96C6-EF73C5BF174A}.Debug|x86.Deploy.0 = Debug|iPhone
		{7AAF8D95-9942-4049-96C6-EF73C5BF174A}.Release|Any CPU.ActiveCfg = Release|iPhone
		{7AAF8D95-9942-4049-96C6-EF73C5BF174A}.Release|Any CPU.Build.0 = Release|iPhone
		{7AAF8D95-9942-4049-96C6-EF73C5BF174A}.Release|Any CPU.Deploy.0 = Release|iPhone
		{7AAF8D95-9942-4049-96C6-EF73C5BF174A}.Release|ARM.ActiveCfg = Release|iPhone
		{7AAF8D95-9942-4049-96C6-EF73C5BF174A}.Release|ARM.Build.0 = Release|iPhone
		{7AAF8D95-9942-4049-96C6-EF73C5BF174A}.Release|ARM.Deploy.0 = Release|iPhone
		{7AAF8D95-9942-4049-96C6-EF73C5BF174A}.Release|iPhone.ActiveCfg = Release|iPhone
		{7AAF8D95-9942-4049-96C6-EF73C5BF174A}.Release|iPhone.Build.0 = Release|iPhone
		{7AAF8D95-9942-4049-96C6-EF73C5BF174A}.Release|iPhone.Deploy.0 = Release|iPhone
		{7AAF8D95-9942-4049-96C6-EF73C5BF174A}.Release|iPhoneSimulator.ActiveCfg = Release|iPhoneSimulator
		{7AAF8D95-9942-4049-96C6-EF73C5BF174A}.Release|iPhoneSimulator.Build.0 = Release|iPhoneSimulator
		{7AAF8D95-9942-4049-96C6-EF73C5BF174A}.Release|iPhoneSimulator.Deploy.0 = Release|iPhoneSimulator
		{7AAF8D95-9942-4049-96C6-EF73C5BF174A}.Release|x64.ActiveCfg = Release|iPhone
		{7AAF8D95-9942-4049-96C6-EF73C5BF174A}.Release|x64.Build.0 = Release|iPhone
		{7AAF8D95-9942-4049-96C6-EF73C5BF174A}.Release|x64.Deploy.0 = Release|iPhone
		{7AAF8D95-9942-4049-96C6-EF73C5BF174A}.Release|x86.ActiveCfg = Release|iPhone
		{7AAF8D95-9942-4049-96C6-EF73C5BF174A}.Release|x86.Build.0 = Release|iPhone
		{7AAF8D95-9942-4049-96C6-EF73C5BF174A}.Release|x86.Deploy.0 = Release|iPhone
		{DEAEBEBF-258F-4053-8E66-47E56FD56D57}.Ad-Hoc|Any CPU.ActiveCfg = Release|x86
		{DEAEBEBF-258F-4053-8E66-47E56FD56D57}.Ad-Hoc|Any CPU.Build.0 = Release|x86
		{DEAEBEBF-258F-4053-8E66-47E56FD56D57}.Ad-Hoc|Any CPU.Deploy.0 = Release|x86
		{DEAEBEBF-258F-4053-8E66-47E56FD56D57}.Ad-Hoc|ARM.ActiveCfg = Release|ARM
		{DEAEBEBF-258F-4053-8E66-47E56FD56D57}.Ad-Hoc|ARM.Build.0 = Release|ARM
		{DEAEBEBF-258F-4053-8E66-47E56FD56D57}.Ad-Hoc|ARM.Deploy.0 = Release|ARM
		{DEAEBEBF-258F-4053-8E66-47E56FD56D57}.Ad-Hoc|iPhone.ActiveCfg = Release|x86
		{DEAEBEBF-258F-4053-8E66-47E56FD56D57}.Ad-Hoc|iPhone.Build.0 = Release|x86
		{DEAEBEBF-258F-4053-8E66-47E56FD56D57}.Ad-Hoc|iPhone.Deploy.0 = Release|x86
		{DEAEBEBF-258F-4053-8E66-47E56FD56D57}.Ad-Hoc|iPhoneSimulator.ActiveCfg = Release|x86
		{DEAEBEBF-258F-4053-8E66-47E56FD56D57}.Ad-Hoc|iPhoneSimulator.Build.0 = Release|x86
		{DEAEBEBF-258F-4053-8E66-47E56FD56D57}.Ad-Hoc|iPhoneSimulator.Deploy.0 = Release|x86
		{DEAEBEBF-258F-4053-8E66-47E56FD56D57}.Ad-Hoc|x64.ActiveCfg = Release|x64
		{DEAEBEBF-258F-4053-8E66-47E56FD56D57}.Ad-Hoc|x64.Build.0 = Release|x64
		{DEAEBEBF-258F-4053-8E66-47E56FD56D57}.Ad-Hoc|x64.Deploy.0 = Release|x64
		{DEAEBEBF-258F-4053-8E66-47E56FD56D57}.Ad-Hoc|x86.ActiveCfg = Release|x86
		{DEAEBEBF-258F-4053-8E66-47E56FD56D57}.Ad-Hoc|x86.Build.0 = Release|x86
		{DEAEBEBF-258F-4053-8E66-47E56FD56D57}.Ad-Hoc|x86.Deploy.0 = Release|x86
		{DEAEBEBF-258F-4053-8E66-47E56FD56D57}.AppStore|Any CPU.ActiveCfg = Release|x86
		{DEAEBEBF-258F-4053-8E66-47E56FD56D57}.AppStore|Any CPU.Build.0 = Release|x86
		{DEAEBEBF-258F-4053-8E66-47E56FD56D57}.AppStore|Any CPU.Deploy.0 = Release|x86
		{DEAEBEBF-258F-4053-8E66-47E56FD56D57}.AppStore|ARM.ActiveCfg = Release|ARM
		{DEAEBEBF-258F-4053-8E66-47E56FD56D57}.AppStore|ARM.Build.0 = Release|ARM
		{DEAEBEBF-258F-4053-8E66-47E56FD56D57}.AppStore|ARM.Deploy.0 = Release|ARM
		{DEAEBEBF-258F-4053-8E66-47E56FD56D57}.AppStore|iPhone.ActiveCfg = Release|x86
		{DEAEBEBF-258F-4053-8E66-47E56FD56D57}.AppStore|iPhone.Build.0 = Release|x86
		{DEAEBEBF-258F-4053-8E66-47E56FD56D57}.AppStore|iPhone.Deploy.0 = Release|x86
		{DEAEBEBF-258F-4053-8E66-47E56FD56D57}.AppStore|iPhoneSimulator.ActiveCfg = Release|x86
		{DEAEBEBF-258F-4053-8E66-47E56FD56D57}.AppStore|iPhoneSimulator.Build.0 = Release|x86
		{DEAEBEBF-258F-4053-8E66-47E56FD56D57}.AppStore|iPhoneSimulator.Deploy.0 = Release|x86
		{DEAEBEBF-258F-4053-8E66-47E56FD56D57}.AppStore|x64.ActiveCfg = Release|x64
		{DEAEBEBF-258F-4053-8E66-47E56FD56D57}.AppStore|x64.Build.0 = Release|x64
		{DEAEBEBF-258F-4053-8E66-47E56FD56D57}.AppStore|x64.Deploy.0 = Release|x64
		{DEAEBEBF-258F-4053-8E66-47E56FD56D57}.AppStore|x86.ActiveCfg = Release|x86
		{DEAEBEBF-258F-4053-8E66-47E56FD56D57}.AppStore|x86.Build.0 = Release|x86
		{DEAEBEBF-258F-4053-8E66-47E56FD56D57}.AppStore|x86.Deploy.0 = Release|x86
		{DEAEBEBF-258F-4053-8E66-47E56FD56D57}.Debug|Any CPU.ActiveCfg = Debug|x86
		{DEAEBEBF-258F-4053-8E66-47E56FD56D57}.Debug|Any CPU.Build.0 = Debug|x86
		{DEAEBEBF-258F-4053-8E66-47E56FD56D57}.Debug|Any CPU.Deploy.0 = Debug|x86
		{DEAEBEBF-258F-4053-8E66-47E56FD56D57}.Debug|ARM.ActiveCfg = Debug|ARM
		{DEAEBEBF-258F-4053-8E66-47E56FD56D57}.Debug|ARM.Build.0 = Debug|ARM
		{DEAEBEBF-258F-4053-8E66-47E56FD56D57}.Debug|ARM.Deploy.0 = Debug|ARM
		{DEAEBEBF-258F-4053-8E66-47E56FD56D57}.Debug|iPhone.ActiveCfg = Debug|x86
		{DEAEBEBF-258F-4053-8E66-47E56FD56D57}.Debug|iPhone.Build.0 = Debug|x86
		{DEAEBEBF-258F-4053-8E66-47E56FD56D57}.Debug|iPhone.Deploy.0 = Debug|x86
		{DEAEBEBF-258F-4053-8E66-47E56FD56D57}.Debug|iPhoneSimulator.ActiveCfg = Debug|x86
		{DEAEBEBF-258F-4053-8E66-47E56FD56D57}.Debug|iPhoneSimulator.Build.0 = Debug|x86
		{DEAEBEBF-258F-4053-8E66-47E56FD56D57}.Debug|iPhoneSimulator.Deploy.0 = Debug|x86
		{DEAEBEBF-258F-4053-8E66-47E56FD56D57}.Debug|x64.ActiveCfg = Debug|x64
		{DEAEBEBF-258F-4053-8E66-47E56FD56D57}.Debug|x64.Build.0 = Debug|x64
		{DEAEBEBF-258F-4053-8E66-47E56FD56D57}.Debug|x64.Deploy.0 = Debug|x64
		{DEAEBEBF-258F-4053-8E66-47E56FD56D57}.Debug|x86.ActiveCfg = Debug|x86
		{DEAEBEBF-258F-4053-8E66-47E56FD56D57}.Debug|x86.Build.0 = Debug|x86
		{DEAEBEBF-258F-4053-8E66-47E56FD56D57}.Debug|x86.Deploy.0 = Debug|x86
		{DEAEBEBF-258F-4053-8E66-47E56FD56D57}.Release|Any CPU.ActiveCfg = Release|x86
		{DEAEBEBF-258F-4053-8E66-47E56FD56D57}.Release|Any CPU.Build.0 = Release|x86
		{DEAEBEBF-258F-4053-8E66-47E56FD56D57}.Release|Any CPU.Deploy.0 = Release|x86
		{DEAEBEBF-258F-4053-8E66-47E56FD56D57}.Release|ARM.ActiveCfg = Release|ARM
		{DEAEBEBF-258F-4053-8E66-47E56FD56D57}.Release|ARM.Build.0 = Release|ARM
		{DEAEBEBF-258F-4053-8E66-47E56FD56D57}.Release|ARM.Deploy.0 = Release|ARM
		{DEAEBEBF-258F-4053-8E66-47E56FD56D57}.Release|iPhone.ActiveCfg = Release|x86
		{DEAEBEBF-258F-4053-8E66-47E56FD56D57}.Release|iPhone.Build.0 = Release|x86
		{DEAEBEBF-258F-4053-8E66-47E56FD56D57}.Release|iPhone.Deploy.0 = Release|x86
		{DEAEBEBF-258F-4053-8E66-47E56FD56D57}.Release|iPhoneSimulator.ActiveCfg = Release|x86
		{DEAEBEBF-258F-4053-8E66-47E56FD56D57}.Release|iPhoneSimulator.Build.0 = Release|x86
		{DEAEBEBF-258F-4053-8E66-47E56FD56D57}.Release|iPhoneSimulator.Deploy.0 = Release|x86
		{DEAEBEBF-258F-4053-8E66-47E56FD56D57}.Release|x64.ActiveCfg = Release|x64
		{DEAEBEBF-258F-4053-8E66-47E56FD56D57}.Release|x64.Build.0 = Release|x64
		{DEAEBEBF-258F-4053-8E66-47E56FD56D57}.Release|x64.Deploy.0 = Release|x64
		{DEAEBEBF-258F-4053-8E66-47E56FD56D57}.Release|x86.ActiveCfg = Release|x86
		{DEAEBEBF-258F-4053-8E66-47E56FD56D57}.Release|x86.Build.0 = Release|x86
		{DEAEBEBF-258F-4053-8E66-47E56FD56D57}.Release|x86.Deploy.0 = Release|x86
		{617E596A-E87E-4342-8DFA-522F3157BE35}.Ad-Hoc|Any CPU.ActiveCfg = Debug|Any CPU
		{617E596A-E87E-4342-8DFA-522F3157BE35}.Ad-Hoc|Any CPU.Build.0 = Debug|Any CPU
		{617E596A-E87E-4342-8DFA-522F3157BE35}.Ad-Hoc|Any CPU.Deploy.0 = Debug|Any CPU
		{617E596A-E87E-4342-8DFA-522F3157BE35}.Ad-Hoc|ARM.ActiveCfg = Debug|Any CPU
		{617E596A-E87E-4342-8DFA-522F3157BE35}.Ad-Hoc|ARM.Build.0 = Debug|Any CPU
		{617E596A-E87E-4342-8DFA-522F3157BE35}.Ad-Hoc|ARM.Deploy.0 = Debug|Any CPU
		{617E596A-E87E-4342-8DFA-522F3157BE35}.Ad-Hoc|iPhone.ActiveCfg = Debug|Any CPU
		{617E596A-E87E-4342-8DFA-522F3157BE35}.Ad-Hoc|iPhone.Build.0 = Debug|Any CPU
		{617E596A-E87E-4342-8DFA-522F3157BE35}.Ad-Hoc|iPhone.Deploy.0 = Debug|Any CPU
		{617E596A-E87E-4342-8DFA-522F3157BE35}.Ad-Hoc|iPhoneSimulator.ActiveCfg = Debug|Any CPU
		{617E596A-E87E-4342-8DFA-522F3157BE35}.Ad-Hoc|iPhoneSimulator.Build.0 = Debug|Any CPU
		{617E596A-E87E-4342-8DFA-522F3157BE35}.Ad-Hoc|iPhoneSimulator.Deploy.0 = Debug|Any CPU
		{617E596A-E87E-4342-8DFA-522F3157BE35}.Ad-Hoc|x64.ActiveCfg = Debug|Any CPU
		{617E596A-E87E-4342-8DFA-522F3157BE35}.Ad-Hoc|x64.Build.0 = Debug|Any CPU
		{617E596A-E87E-4342-8DFA-522F3157BE35}.Ad-Hoc|x64.Deploy.0 = Debug|Any CPU
		{617E596A-E87E-4342-8DFA-522F3157BE35}.Ad-Hoc|x86.ActiveCfg = Debug|Any CPU
		{617E596A-E87E-4342-8DFA-522F3157BE35}.Ad-Hoc|x86.Build.0 = Debug|Any CPU
		{617E596A-E87E-4342-8DFA-522F3157BE35}.Ad-Hoc|x86.Deploy.0 = Debug|Any CPU
		{617E596A-E87E-4342-8DFA-522F3157BE35}.AppStore|Any CPU.ActiveCfg = Debug|Any CPU
		{617E596A-E87E-4342-8DFA-522F3157BE35}.AppStore|Any CPU.Build.0 = Debug|Any CPU
		{617E596A-E87E-4342-8DFA-522F3157BE35}.AppStore|Any CPU.Deploy.0 = Debug|Any CPU
		{617E596A-E87E-4342-8DFA-522F3157BE35}.AppStore|ARM.ActiveCfg = Debug|Any CPU
		{617E596A-E87E-4342-8DFA-522F3157BE35}.AppStore|ARM.Build.0 = Debug|Any CPU
		{617E596A-E87E-4342-8DFA-522F3157BE35}.AppStore|ARM.Deploy.0 = Debug|Any CPU
		{617E596A-E87E-4342-8DFA-522F3157BE35}.AppStore|iPhone.ActiveCfg = Debug|Any CPU
		{617E596A-E87E-4342-8DFA-522F3157BE35}.AppStore|iPhone.Build.0 = Debug|Any CPU
		{617E596A-E87E-4342-8DFA-522F3157BE35}.AppStore|iPhone.Deploy.0 = Debug|Any CPU
		{617E596A-E87E-4342-8DFA-522F3157BE35}.AppStore|iPhoneSimulator.ActiveCfg = Debug|Any CPU
		{617E596A-E87E-4342-8DFA-522F3157BE35}.AppStore|iPhoneSimulator.Build.0 = Debug|Any CPU
		{617E596A-E87E-4342-8DFA-522F3157BE35}.AppStore|iPhoneSimulator.Deploy.0 = Debug|Any CPU
		{617E596A-E87E-4342-8DFA-522F3157BE35}.AppStore|x64.ActiveCfg = Debug|Any CPU
		{617E596A-E87E-4342-8DFA-522F3157BE35}.AppStore|x64.Build.0 = Debug|Any CPU
		{617E596A-E87E-4342-8DFA-522F3157BE35}.AppStore|x64.Deploy.0 = Debug|Any CPU
		{617E596A-E87E-4342-8DFA-522F3157BE35}.AppStore|x86.ActiveCfg = Debug|Any CPU
		{617E596A-E87E-4342-8DFA-522F3157BE35}.AppStore|x86.Build.0 = Debug|Any CPU
		{617E596A-E87E-4342-8DFA-522F3157BE35}.AppStore|x86.Deploy.0 = Debug|Any CPU
		{617E596A-E87E-4342-8DFA-522F3157BE35}.Debug|Any CPU.ActiveCfg = Debug|Any CPU
		{617E596A-E87E-4342-8DFA-522F3157BE35}.Debug|Any CPU.Build.0 = Debug|Any CPU
		{617E596A-E87E-4342-8DFA-522F3157BE35}.Debug|Any CPU.Deploy.0 = Debug|Any CPU
		{617E596A-E87E-4342-8DFA-522F3157BE35}.Debug|ARM.ActiveCfg = Debug|Any CPU
		{617E596A-E87E-4342-8DFA-522F3157BE35}.Debug|ARM.Build.0 = Debug|Any CPU
		{617E596A-E87E-4342-8DFA-522F3157BE35}.Debug|ARM.Deploy.0 = Debug|Any CPU
		{617E596A-E87E-4342-8DFA-522F3157BE35}.Debug|iPhone.ActiveCfg = Debug|Any CPU
		{617E596A-E87E-4342-8DFA-522F3157BE35}.Debug|iPhone.Build.0 = Debug|Any CPU
		{617E596A-E87E-4342-8DFA-522F3157BE35}.Debug|iPhone.Deploy.0 = Debug|Any CPU
		{617E596A-E87E-4342-8DFA-522F3157BE35}.Debug|iPhoneSimulator.ActiveCfg = Debug|Any CPU
		{617E596A-E87E-4342-8DFA-522F3157BE35}.Debug|iPhoneSimulator.Build.0 = Debug|Any CPU
		{617E596A-E87E-4342-8DFA-522F3157BE35}.Debug|iPhoneSimulator.Deploy.0 = Debug|Any CPU
		{617E596A-E87E-4342-8DFA-522F3157BE35}.Debug|x64.ActiveCfg = Debug|Any CPU
		{617E596A-E87E-4342-8DFA-522F3157BE35}.Debug|x64.Build.0 = Debug|Any CPU
		{617E596A-E87E-4342-8DFA-522F3157BE35}.Debug|x64.Deploy.0 = Debug|Any CPU
		{617E596A-E87E-4342-8DFA-522F3157BE35}.Debug|x86.ActiveCfg = Debug|Any CPU
		{617E596A-E87E-4342-8DFA-522F3157BE35}.Debug|x86.Build.0 = Debug|Any CPU
		{617E596A-E87E-4342-8DFA-522F3157BE35}.Debug|x86.Deploy.0 = Debug|Any CPU
		{617E596A-E87E-4342-8DFA-522F3157BE35}.Release|Any CPU.ActiveCfg = Release|Any CPU
		{617E596A-E87E-4342-8DFA-522F3157BE35}.Release|Any CPU.Build.0 = Release|Any CPU
		{617E596A-E87E-4342-8DFA-522F3157BE35}.Release|Any CPU.Deploy.0 = Release|Any CPU
		{617E596A-E87E-4342-8DFA-522F3157BE35}.Release|ARM.ActiveCfg = Release|Any CPU
		{617E596A-E87E-4342-8DFA-522F3157BE35}.Release|ARM.Build.0 = Release|Any CPU
		{617E596A-E87E-4342-8DFA-522F3157BE35}.Release|ARM.Deploy.0 = Release|Any CPU
		{617E596A-E87E-4342-8DFA-522F3157BE35}.Release|iPhone.ActiveCfg = Release|Any CPU
		{617E596A-E87E-4342-8DFA-522F3157BE35}.Release|iPhone.Build.0 = Release|Any CPU
		{617E596A-E87E-4342-8DFA-522F3157BE35}.Release|iPhone.Deploy.0 = Release|Any CPU
		{617E596A-E87E-4342-8DFA-522F3157BE35}.Release|iPhoneSimulator.ActiveCfg = Release|Any CPU
		{617E596A-E87E-4342-8DFA-522F3157BE35}.Release|iPhoneSimulator.Build.0 = Release|Any CPU
		{617E596A-E87E-4342-8DFA-522F3157BE35}.Release|iPhoneSimulator.Deploy.0 = Release|Any CPU
		{617E596A-E87E-4342-8DFA-522F3157BE35}.Release|x64.ActiveCfg = Release|Any CPU
		{617E596A-E87E-4342-8DFA-522F3157BE35}.Release|x64.Build.0 = Release|Any CPU
		{617E596A-E87E-4342-8DFA-522F3157BE35}.Release|x64.Deploy.0 = Release|Any CPU
		{617E596A-E87E-4342-8DFA-522F3157BE35}.Release|x86.ActiveCfg = Release|Any CPU
		{617E596A-E87E-4342-8DFA-522F3157BE35}.Release|x86.Build.0 = Release|Any CPU
		{617E596A-E87E-4342-8DFA-522F3157BE35}.Release|x86.Deploy.0 = Release|Any CPU
	EndGlobalSection
	GlobalSection(SolutionProperties) = preSolution
		HideSolutionNode = FALSE
	EndGlobalSection
	GlobalSection(ExtensibilityGlobals) = postSolution
		SolutionGuid = {B9E36204-F9ED-437B-9903-5B59D24F7929}
	EndGlobalSection
EndGlobal
